
Microsoft Visual Studio Solution File, Format Version 12.00
# Visual Studio Version 17
VisualStudioVersion = 17.14.36717.8 d17.14
MinimumVisualStudioVersion = 10.0.40219.1
Project("{FAE04EC0-301F-11D3-BF4B-00C04F79EFBC}") = "LOSIENTO_MIDTERM", "LOSIENTO_MIDTERM\LOSIENTO_MIDTERM.csproj", "{0E668F00-A054-4F35-800C-371385B9AE19}"
EndProject
Global
	GlobalSection(SolutionConfigurationPlatforms) = preSolution
		Debug|Any CPU = Debug|Any CPU
		Release|Any CPU = Release|Any CPU
	EndGlobalSection
	GlobalSection(ProjectConfigurationPlatforms) = postSolution
		{0E668F00-A054-4F35-800C-371385B9AE19}.Debug|Any CPU.ActiveCfg = Debug|Any CPU
		{0E668F00-A054-4F35-800C-371385B9AE19}.Debug|Any CPU.Build.0 = Debug|Any CPU
		{0E668F00-A054-4F35-800C-371385B9AE19}.Release|Any CPU.ActiveCfg = Release|Any CPU
		{0E668F00-A054-4F35-800C-371385B9AE19}.Release|Any CPU.Build.0 = Release|Any CPU
	EndGlobalSection
	GlobalSection(SolutionProperties) = preSolution
		HideSolutionNode = FALSE
	EndGlobalSection
	GlobalSection(ExtensibilityGlobals) = postSolution
		SolutionGuid = {82F5B46E-C9D9-45C8-9449-7A03E79E62B7}
	EndGlobalSection
EndGlobal
